
Microsoft Visual Studio Solution File, Format Version 12.00
# Visual Studio Version 17
VisualStudioVersion = 17.4.33213.308
MinimumVisualStudioVersion = 10.0.40219.1
Project("{FAE04EC0-301F-11D3-BF4B-00C04F79EFBC}") = "Week1_IntroductionToClasses", "Week1_IntroductionToClasses\Week1_IntroductionToClasses.csproj", "{C05DEF74-1323-423C-AA1E-6B8EA2919036}"
EndProject
Project("{9A19103F-16F7-4668-BE54-9A1E7A4F7556}") = "Week2_EncapsulationAccessModifiers", "Week2_EncapsulationAccessModifiers\Week2_EncapsulationAccessModifiers.csproj", "{F22F4211-1405-435A-BE9D-06B8E412B577}"
EndProject
Project("{9A19103F-16F7-4668-BE54-9A1E7A4F7556}") = "Week2_Inheritance", "Week2_Inheritance\Week2_Inheritance.csproj", "{4CA4B0B9-A205-4BFA-B5B1-C9E57EEC0EE3}"
EndProject
Project("{FAE04EC0-301F-11D3-BF4B-00C04F79EFBC}") = "Week3_Polymorphism", "Week3_Polymorphism\Week3_Polymorphism.csproj", "{B4F8D069-3112-48E7-8B4B-CCEFFC0FEB24}"
EndProject
Project("{FAE04EC0-301F-11D3-BF4B-00C04F79EFBC}") = "Week3_AbstractClassesAndInterfaces", "Week3_AbstractClassesAndInterfaces\Week3_AbstractClassesAndInterfaces.csproj", "{91FD6F56-65F6-438B-B6AA-E8938B0C770F}"
EndProject
Project("{FAE04EC0-301F-11D3-BF4B-00C04F79EFBC}") = "Week4_AbstractInterfacesWorksheet6", "Week4_AbstractInterfacesWorksheet6\Week4_AbstractInterfacesWorksheet6.csproj", "{CAC43C92-F8B0-4A08-8766-1B6D9DCA43BF}"
EndProject
Project("{FAE04EC0-301F-11D3-BF4B-00C04F79EFBC}") = "Week4_ClassRelationships", "Week4_ClassRelationships\Week4_ClassRelationships.csproj", "{0D96D42F-4F2A-4B4A-B620-A06CEDE37348}"
EndProject
Project("{FAE04EC0-301F-11D3-BF4B-00C04F79EFBC}") = "Week5_TCA2023", "Week5_TCA2023\Week5_TCA2023.csproj", "{2331B43E-116C-418A-96AD-39C8E0425B91}"
EndProject
Project("{2150E333-8FDC-42A3-9474-1A3956D46DE8}") = "LayeredApplication", "LayeredApplication", "{93F00079-0B3D-46CE-B278-FDCB347D1D3F}"
EndProject
Project("{9A19103F-16F7-4668-BE54-9A1E7A4F7556}") = "PresenationConsoleApp", "PresenationConsoleApp\PresenationConsoleApp.csproj", "{F8940F45-4CF5-46FA-B61D-0759FC92F04C}"
EndProject
Project("{9A19103F-16F7-4668-BE54-9A1E7A4F7556}") = "BusinessLogicLayer", "BusinessLogicLayer\BusinessLogicLayer.csproj", "{EB5CA0A3-E90B-46EF-9F2E-A8D17A3BD86B}"
EndProject
Project("{9A19103F-16F7-4668-BE54-9A1E7A4F7556}") = "CommonDataLayer", "CommonDataLayer\CommonDataLayer.csproj", "{35EAB370-26C7-4227-85BB-33F4907829FB}"
EndProject
Project("{9A19103F-16F7-4668-BE54-9A1E7A4F7556}") = "PresentationDesktopApp", "PresentationDesktopApp\PresentationDesktopApp.csproj", "{DEA7A666-B723-4991-A12F-6D498251E4E9}"
EndProject
Project("{2150E333-8FDC-42A3-9474-1A3956D46DE8}") = "Solution Items", "Solution Items", "{0C0D5E2A-9F82-4F3A-9B52-578A8316082B}"
	ProjectSection(SolutionItems) = preProject
		Class1.cs = Class1.cs
		SE22Example.cs = SE22Example.cs
	EndProjectSection
EndProject
Project("{FAE04EC0-301F-11D3-BF4B-00C04F79EFBC}") = "TCASheetDemo", "TCASheetDemo\TCASheetDemo.csproj", "{A1210226-B5E2-41CF-AC2F-A165C238D15D}"
EndProject
Project("{FAE04EC0-301F-11D3-BF4B-00C04F79EFBC}") = "RevisionWorksheet", "RevisionWorksheet\RevisionWorksheet.csproj", "{3A1EE9F4-DEBC-444B-AEC5-84F5900CC20C}"
EndProject
Global
	GlobalSection(SolutionConfigurationPlatforms) = preSolution
		Debug|Any CPU = Debug|Any CPU
		Release|Any CPU = Release|Any CPU
	EndGlobalSection
	GlobalSection(ProjectConfigurationPlatforms) = postSolution
		{C05DEF74-1323-423C-AA1E-6B8EA2919036}.Debug|Any CPU.ActiveCfg = Debug|Any CPU
		{C05DEF74-1323-423C-AA1E-6B8EA2919036}.Debug|Any CPU.Build.0 = Debug|Any CPU
		{C05DEF74-1323-423C-AA1E-6B8EA2919036}.Release|Any CPU.ActiveCfg = Release|Any CPU
		{C05DEF74-1323-423C-AA1E-6B8EA2919036}.Release|Any CPU.Build.0 = Release|Any CPU
		{F22F4211-1405-435A-BE9D-06B8E412B577}.Debug|Any CPU.ActiveCfg = Debug|Any CPU
		{F22F4211-1405-435A-BE9D-06B8E412B577}.Debug|Any CPU.Build.0 = Debug|Any CPU
		{F22F4211-1405-435A-BE9D-06B8E412B577}.Release|Any CPU.ActiveCfg = Release|Any CPU
		{F22F4211-1405-435A-BE9D-06B8E412B577}.Release|Any CPU.Build.0 = Release|Any CPU
		{4CA4B0B9-A205-4BFA-B5B1-C9E57EEC0EE3}.Debug|Any CPU.ActiveCfg = Debug|Any CPU
		{4CA4B0B9-A205-4BFA-B5B1-C9E57EEC0EE3}.Debug|Any CPU.Build.0 = Debug|Any CPU
		{4CA4B0B9-A205-4BFA-B5B1-C9E57EEC0EE3}.Release|Any CPU.ActiveCfg = Release|Any CPU
		{4CA4B0B9-A205-4BFA-B5B1-C9E57EEC0EE3}.Release|Any CPU.Build.0 = Release|Any CPU
		{B4F8D069-3112-48E7-8B4B-CCEFFC0FEB24}.Debug|Any CPU.ActiveCfg = Debug|Any CPU
		{B4F8D069-3112-48E7-8B4B-CCEFFC0FEB24}.Debug|Any CPU.Build.0 = Debug|Any CPU
		{B4F8D069-3112-48E7-8B4B-CCEFFC0FEB24}.Release|Any CPU.ActiveCfg = Release|Any CPU
		{B4F8D069-3112-48E7-8B4B-CCEFFC0FEB24}.Release|Any CPU.Build.0 = Release|Any CPU
		{91FD6F56-65F6-438B-B6AA-E8938B0C770F}.Debug|Any CPU.ActiveCfg = Debug|Any CPU
		{91FD6F56-65F6-438B-B6AA-E8938B0C770F}.Debug|Any CPU.Build.0 = Debug|Any CPU
		{91FD6F56-65F6-438B-B6AA-E8938B0C770F}.Release|Any CPU.ActiveCfg = Release|Any CPU
		{91FD6F56-65F6-438B-B6AA-E8938B0C770F}.Release|Any CPU.Build.0 = Release|Any CPU
		{CAC43C92-F8B0-4A08-8766-1B6D9DCA43BF}.Debug|Any CPU.ActiveCfg = Debug|Any CPU
		{CAC43C92-F8B0-4A08-8766-1B6D9DCA43BF}.Debug|Any CPU.Build.0 = Debug|Any CPU
		{CAC43C92-F8B0-4A08-8766-1B6D9DCA43BF}.Release|Any CPU.ActiveCfg = Release|Any CPU
		{CAC43C92-F8B0-4A08-8766-1B6D9DCA43BF}.Release|Any CPU.Build.0 = Release|Any CPU
		{0D96D42F-4F2A-4B4A-B620-A06CEDE37348}.Debug|Any CPU.ActiveCfg = Debug|Any CPU
		{0D96D42F-4F2A-4B4A-B620-A06CEDE37348}.Debug|Any CPU.Build.0 = Debug|Any CPU
		{0D96D42F-4F2A-4B4A-B620-A06CEDE37348}.Release|Any CPU.ActiveCfg = Release|Any CPU
		{0D96D42F-4F2A-4B4A-B620-A06CEDE37348}.Release|Any CPU.Build.0 = Release|Any CPU
		{2331B43E-116C-418A-96AD-39C8E0425B91}.Debug|Any CPU.ActiveCfg = Debug|Any CPU
		{2331B43E-116C-418A-96AD-39C8E0425B91}.Debug|Any CPU.Build.0 = Debug|Any CPU
		{2331B43E-116C-418A-96AD-39C8E0425B91}.Release|Any CPU.ActiveCfg = Release|Any CPU
		{2331B43E-116C-418A-96AD-39C8E0425B91}.Release|Any CPU.Build.0 = Release|Any CPU
		{F8940F45-4CF5-46FA-B61D-0759FC92F04C}.Debug|Any CPU.ActiveCfg = Debug|Any CPU
		{F8940F45-4CF5-46FA-B61D-0759FC92F04C}.Debug|Any CPU.Build.0 = Debug|Any CPU
		{F8940F45-4CF5-46FA-B61D-0759FC92F04C}.Release|Any CPU.ActiveCfg = Release|Any CPU
		{F8940F45-4CF5-46FA-B61D-0759FC92F04C}.Release|Any CPU.Build.0 = Release|Any CPU
		{EB5CA0A3-E90B-46EF-9F2E-A8D17A3BD86B}.Debug|Any CPU.ActiveCfg = Debug|Any CPU
		{EB5CA0A3-E90B-46EF-9F2E-A8D17A3BD86B}.Debug|Any CPU.Build.0 = Debug|Any CPU
		{EB5CA0A3-E90B-46EF-9F2E-A8D17A3BD86B}.Release|Any CPU.ActiveCfg = Release|Any CPU
		{EB5CA0A3-E90B-46EF-9F2E-A8D17A3BD86B}.Release|Any CPU.Build.0 = Release|Any CPU
		{35EAB370-26C7-4227-85BB-33F4907829FB}.Debug|Any CPU.ActiveCfg = Debug|Any CPU
		{35EAB370-26C7-4227-85BB-33F4907829FB}.Debug|Any CPU.Build.0 = Debug|Any CPU
		{35EAB370-26C7-4227-85BB-33F4907829FB}.Release|Any CPU.ActiveCfg = Release|Any CPU
		{35EAB370-26C7-4227-85BB-33F4907829FB}.Release|Any CPU.Build.0 = Release|Any CPU
		{DEA7A666-B723-4991-A12F-6D498251E4E9}.Debug|Any CPU.ActiveCfg = Debug|Any CPU
		{DEA7A666-B723-4991-A12F-6D498251E4E9}.Debug|Any CPU.Build.0 = Debug|Any CPU
		{DEA7A666-B723-4991-A12F-6D498251E4E9}.Release|Any CPU.ActiveCfg = Release|Any CPU
		{DEA7A666-B723-4991-A12F-6D498251E4E9}.Release|Any CPU.Build.0 = Release|Any CPU
		{A1210226-B5E2-41CF-AC2F-A165C238D15D}.Debug|Any CPU.ActiveCfg = Debug|Any CPU
		{A1210226-B5E2-41CF-AC2F-A165C238D15D}.Debug|Any CPU.Build.0 = Debug|Any CPU
		{A1210226-B5E2-41CF-AC2F-A165C238D15D}.Release|Any CPU.ActiveCfg = Release|Any CPU
		{A1210226-B5E2-41CF-AC2F-A165C238D15D}.Release|Any CPU.Build.0 = Release|Any CPU
		{3A1EE9F4-DEBC-444B-AEC5-84F5900CC20C}.Debug|Any CPU.ActiveCfg = Debug|Any CPU
		{3A1EE9F4-DEBC-444B-AEC5-84F5900CC20C}.Debug|Any CPU.Build.0 = Debug|Any CPU
		{3A1EE9F4-DEBC-444B-AEC5-84F5900CC20C}.Release|Any CPU.ActiveCfg = Release|Any CPU
		{3A1EE9F4-DEBC-444B-AEC5-84F5900CC20C}.Release|Any CPU.Build.0 = Release|Any CPU
	EndGlobalSection
	GlobalSection(SolutionProperties) = preSolution
		HideSolutionNode = FALSE
	EndGlobalSection
	GlobalSection(NestedProjects) = preSolution
		{F8940F45-4CF5-46FA-B61D-0759FC92F04C} = {93F00079-0B3D-46CE-B278-FDCB347D1D3F}
		{EB5CA0A3-E90B-46EF-9F2E-A8D17A3BD86B} = {93F00079-0B3D-46CE-B278-FDCB347D1D3F}
		{35EAB370-26C7-4227-85BB-33F4907829FB} = {93F00079-0B3D-46CE-B278-FDCB347D1D3F}
		{DEA7A666-B723-4991-A12F-6D498251E4E9} = {93F00079-0B3D-46CE-B278-FDCB347D1D3F}
		{A1210226-B5E2-41CF-AC2F-A165C238D15D} = {0C0D5E2A-9F82-4F3A-9B52-578A8316082B}
	EndGlobalSection
	GlobalSection(ExtensibilityGlobals) = postSolution
		SolutionGuid = {0C6993D3-C78D-4E74-A12D-DBABC74AC931}
	EndGlobalSection
EndGlobal
